// !$*UTF8*$!
{
	archiveVersion = 1;
	classes = {
	};
	objectVersion = 52;
	objects = {

/* Begin PBXBuildFile section */
		7B1572EE2600642200FC138E /* ArtworkCell.swift in Sources */ = {isa = PBXBuildFile; fileRef = 7B1572ED2600642200FC138E /* ArtworkCell.swift */; };
		7B1572F72600649000FC138E /* ImageViewLoader.swift in Sources */ = {isa = PBXBuildFile; fileRef = 7B1572F62600649000FC138E /* ImageViewLoader.swift */; };
		7B1573142601BC8000FC138E /* DiscoverViewController.swift in Sources */ = {isa = PBXBuildFile; fileRef = 7B1573132601BC8000FC138E /* DiscoverViewController.swift */; };
		7B157320260541BF00FC138E /* MarvelRemote.swift in Sources */ = {isa = PBXBuildFile; fileRef = 7B15731F260541BF00FC138E /* MarvelRemote.swift */; };
		7B15732E26054B1D00FC138E /* DiscoveryFeedSupplementaryView.swift in Sources */ = {isa = PBXBuildFile; fileRef = 7B15732D26054B1D00FC138E /* DiscoveryFeedSupplementaryView.swift */; };
		7B15733626054B9400FC138E /* NotificationsViewController.swift in Sources */ = {isa = PBXBuildFile; fileRef = 7B15733526054B9400FC138E /* NotificationsViewController.swift */; };
		7B15733B26054BD000FC138E /* UserProfileViewController.swift in Sources */ = {isa = PBXBuildFile; fileRef = 7B15733A26054BD000FC138E /* UserProfileViewController.swift */; };
		7B15734826054D2900FC138E /* Artwork.swift in Sources */ = {isa = PBXBuildFile; fileRef = 7B15734726054D2900FC138E /* Artwork.swift */; };
		7B15735D2605729400FC138E /* VerticalLabelsStackView.xib in Resources */ = {isa = PBXBuildFile; fileRef = 7B1573552605729400FC138E /* VerticalLabelsStackView.xib */; };
		7B15735E2605729400FC138E /* ProfileInfoView.swift in Sources */ = {isa = PBXBuildFile; fileRef = 7B1573562605729400FC138E /* ProfileInfoView.swift */; };
		7B15735F2605729400FC138E /* VerticalLabelsStackView.swift in Sources */ = {isa = PBXBuildFile; fileRef = 7B1573572605729400FC138E /* VerticalLabelsStackView.swift */; };
		7B1573602605729400FC138E /* ProfileDataView.swift in Sources */ = {isa = PBXBuildFile; fileRef = 7B1573582605729400FC138E /* ProfileDataView.swift */; };
		7B1573612605729400FC138E /* ProfileDataView.xib in Resources */ = {isa = PBXBuildFile; fileRef = 7B1573592605729400FC138E /* ProfileDataView.xib */; };
		7B1573642605729400FC138E /* ProfileInfoView.xib in Resources */ = {isa = PBXBuildFile; fileRef = 7B15735C2605729400FC138E /* ProfileInfoView.xib */; };
		7B1573702605738D00FC138E /* UIView+Extension.swift in Sources */ = {isa = PBXBuildFile; fileRef = 7B15736F2605738D00FC138E /* UIView+Extension.swift */; };
		7B1573782605743D00FC138E /* Label.swift in Sources */ = {isa = PBXBuildFile; fileRef = 7B1573772605743D00FC138E /* Label.swift */; };
		7B292A9B2609517F0052BA22 /* NotificationItemCell.swift in Sources */ = {isa = PBXBuildFile; fileRef = 7B292A9A2609517F0052BA22 /* NotificationItemCell.swift */; };
		7B292A9D260959C30052BA22 /* DiffableCollectionView.swift in Sources */ = {isa = PBXBuildFile; fileRef = 7B292A9C260959C30052BA22 /* DiffableCollectionView.swift */; };
		7B292AA026095A420052BA22 /* GenericSectionIdentifierViewModel.swift in Sources */ = {isa = PBXBuildFile; fileRef = 7B292A9F26095A420052BA22 /* GenericSectionIdentifierViewModel.swift */; };
		7B292AA226095AEB0052BA22 /* SectionIdentifierViewModel.swift in Sources */ = {isa = PBXBuildFile; fileRef = 7B292AA126095AEB0052BA22 /* SectionIdentifierViewModel.swift */; };
		7B292AA426095CE60052BA22 /* ViewModelInjection.swift in Sources */ = {isa = PBXBuildFile; fileRef = 7B292AA326095CE60052BA22 /* ViewModelInjection.swift */; };
		7B292AA626095EB30052BA22 /* Colors.xcassets in Resources */ = {isa = PBXBuildFile; fileRef = 7B292AA526095D760052BA22 /* Colors.xcassets */; };
		7B292AA8260963270052BA22 /* RemoteObservableObject.swift in Sources */ = {isa = PBXBuildFile; fileRef = 7B292AA7260963270052BA22 /* RemoteObservableObject.swift */; };
		7B292AAA2609647E0052BA22 /* ThemeColors.swift in Sources */ = {isa = PBXBuildFile; fileRef = 7B292AA92609647E0052BA22 /* ThemeColors.swift */; };
		7B292AAF26099D7E0052BA22 /* PreviewLoaderView.swift in Sources */ = {isa = PBXBuildFile; fileRef = 7B292AAE26099D7D0052BA22 /* PreviewLoaderView.swift */; };
		7B292AB12612C3710052BA22 /* UserProfileFeedSupplementaryView.swift in Sources */ = {isa = PBXBuildFile; fileRef = 7B292AB02612C3710052BA22 /* UserProfileFeedSupplementaryView.swift */; };
		7B2ED9DE26145EB600EEE573 /* FeedItemCell.xib in Resources */ = {isa = PBXBuildFile; fileRef = 7B2ED9DD26145EB600EEE573 /* FeedItemCell.xib */; };
		7B448768261EC6DC008D644F /* ItunesSearch.swift in Sources */ = {isa = PBXBuildFile; fileRef = 7B448767261EC6DC008D644F /* ItunesSearch.swift */; };
		7B44876A261EC6F9008D644F /* ItunesMedia.swift in Sources */ = {isa = PBXBuildFile; fileRef = 7B448769261EC6F9008D644F /* ItunesMedia.swift */; };
		7B44876C261EC722008D644F /* ItunesEntity.swift in Sources */ = {isa = PBXBuildFile; fileRef = 7B44876B261EC722008D644F /* ItunesEntity.swift */; };
		7B44876E261EC767008D644F /* ItunesAttribute.swift in Sources */ = {isa = PBXBuildFile; fileRef = 7B44876D261EC767008D644F /* ItunesAttribute.swift */; };
		7B448772261EC898008D644F /* Artist.swift in Sources */ = {isa = PBXBuildFile; fileRef = 7B448771261EC898008D644F /* Artist.swift */; };
		7B448774261ECAB7008D644F /* SearchViewController.swift in Sources */ = {isa = PBXBuildFile; fileRef = 7B448773261ECAB7008D644F /* SearchViewController.swift */; };
		7B448777261ED874008D644F /* ArtistViewModel.swift in Sources */ = {isa = PBXBuildFile; fileRef = 7B448776261ED874008D644F /* ArtistViewModel.swift */; };
		7B5066822623F72B00BD7502 /* MarvelClient in Frameworks */ = {isa = PBXBuildFile; productRef = 7B5066812623F72B00BD7502 /* MarvelClient */; };
		7B5B493F2616906800F65A3D /* FeedItemAvatarView.xib in Resources */ = {isa = PBXBuildFile; fileRef = 7B5B493E2616906800F65A3D /* FeedItemAvatarView.xib */; };
		7B5B49412617B77B00F65A3D /* MarvelFeedViewController.swift in Sources */ = {isa = PBXBuildFile; fileRef = 7B5B49402617B77B00F65A3D /* MarvelFeedViewController.swift */; };
		7B5E6C3126083D4000C62974 /* FeedItemViewModel.swift in Sources */ = {isa = PBXBuildFile; fileRef = 7B5E6C3026083D4000C62974 /* FeedItemViewModel.swift */; };
		7B5E6C3626083D7F00C62974 /* IdentifiableHashable.swift in Sources */ = {isa = PBXBuildFile; fileRef = 7B5E6C3526083D7F00C62974 /* IdentifiableHashable.swift */; };
		7B5E6C4C26085E8A00C62974 /* UserProfileViewModel.swift in Sources */ = {isa = PBXBuildFile; fileRef = 7B5E6C4B26085E8A00C62974 /* UserProfileViewModel.swift */; };
		7B5E6C57260861C600C62974 /* GenericFeedCollectionReusableView.swift in Sources */ = {isa = PBXBuildFile; fileRef = 7B5E6C56260861C600C62974 /* GenericFeedCollectionReusableView.swift */; };
		7B5E6C6726092EBD00C62974 /* SDWebImage in Frameworks */ = {isa = PBXBuildFile; productRef = 7B5E6C6626092EBD00C62974 /* SDWebImage */; };
		7B5E6C6926092EBD00C62974 /* SDWebImageMapKit in Frameworks */ = {isa = PBXBuildFile; productRef = 7B5E6C6826092EBD00C62974 /* SDWebImageMapKit */; };
		7B6E1942262F88CF007CC75B /* ItunesGroupsViewController.swift in Sources */ = {isa = PBXBuildFile; fileRef = 7B6E1941262F88CF007CC75B /* ItunesGroupsViewController.swift */; };
		7B8CD4002605C06E008BAEB9 /* UITraitCollection+Extension.swift in Sources */ = {isa = PBXBuildFile; fileRef = 7B8CD3FF2605C06E008BAEB9 /* UITraitCollection+Extension.swift */; };
		7B8CD4022605C0A7008BAEB9 /* UISplitViewController+Extension.swift in Sources */ = {isa = PBXBuildFile; fileRef = 7B8CD4012605C0A7008BAEB9 /* UISplitViewController+Extension.swift */; };
		7B8CD4042605CE0D008BAEB9 /* StoryAvatarViewCell.swift in Sources */ = {isa = PBXBuildFile; fileRef = 7B8CD4032605CE0D008BAEB9 /* StoryAvatarViewCell.swift */; };
		7B8CD4062606B132008BAEB9 /* HomeFeedSupplementaryView.swift in Sources */ = {isa = PBXBuildFile; fileRef = 7B8CD4052606B132008BAEB9 /* HomeFeedSupplementaryView.swift */; };
		7B8CD40A2606B28E008BAEB9 /* StorySnippeCell.swift in Sources */ = {isa = PBXBuildFile; fileRef = 7B8CD4092606B28E008BAEB9 /* StorySnippeCell.swift */; };
		7B8CD41B260713C7008BAEB9 /* FeedViewController.swift in Sources */ = {isa = PBXBuildFile; fileRef = 7B8CD41A260713C7008BAEB9 /* FeedViewController.swift */; };
		7B8CD42226071490008BAEB9 /* FeedItemCell.swift in Sources */ = {isa = PBXBuildFile; fileRef = 7B8CD42126071490008BAEB9 /* FeedItemCell.swift */; };
		7B8CD42826071CC1008BAEB9 /* FeedItemAvatarView.swift in Sources */ = {isa = PBXBuildFile; fileRef = 7B8CD42626071CC1008BAEB9 /* FeedItemAvatarView.swift */; };
		7B8CD42B26072D88008BAEB9 /* Button.swift in Sources */ = {isa = PBXBuildFile; fileRef = 7B8CD42A26072D88008BAEB9 /* Button.swift */; };
		7B8CD42E2607F239008BAEB9 /* GenericFeedViewController.swift in Sources */ = {isa = PBXBuildFile; fileRef = 7B8CD42D2607F239008BAEB9 /* GenericFeedViewController.swift */; };
		7B8CD43226080B15008BAEB9 /* ContentReusable.swift in Sources */ = {isa = PBXBuildFile; fileRef = 7B8CD43126080B15008BAEB9 /* ContentReusable.swift */; };
		7B8CD43626080C49008BAEB9 /* UIView+AutoLayout.swift in Sources */ = {isa = PBXBuildFile; fileRef = 7B8CD43526080C49008BAEB9 /* UIView+AutoLayout.swift */; };
		7B8CD43826080D3A008BAEB9 /* CollectionReusableIdentifier.swift in Sources */ = {isa = PBXBuildFile; fileRef = 7B8CD43726080D3A008BAEB9 /* CollectionReusableIdentifier.swift */; };
		7B8CD43A26080DB3008BAEB9 /* UICollectionView+CollectionReusableIdentifier.swift in Sources */ = {isa = PBXBuildFile; fileRef = 7B8CD43926080DB3008BAEB9 /* UICollectionView+CollectionReusableIdentifier.swift */; };
		7B8CD43D26080E81008BAEB9 /* BaseXibView.swift in Sources */ = {isa = PBXBuildFile; fileRef = 7B8CD43C26080E81008BAEB9 /* BaseXibView.swift */; };
		7B8CD43F26081289008BAEB9 /* BaseView.swift in Sources */ = {isa = PBXBuildFile; fileRef = 7B8CD43E26081289008BAEB9 /* BaseView.swift */; };
		7B8CD4412608129E008BAEB9 /* CollectionViewCell.swift in Sources */ = {isa = PBXBuildFile; fileRef = 7B8CD4402608129E008BAEB9 /* CollectionViewCell.swift */; };
		7B8CD443260813DE008BAEB9 /* CollectionReusableViewContainer.swift in Sources */ = {isa = PBXBuildFile; fileRef = 7B8CD442260813DE008BAEB9 /* CollectionReusableViewContainer.swift */; };
		7B9223222605BB6A006B7C51 /* AvatarView.swift in Sources */ = {isa = PBXBuildFile; fileRef = 7B9223212605BB6A006B7C51 /* AvatarView.swift */; };
		7BA9BBB625FE760B006E1C4F /* AppDelegate.swift in Sources */ = {isa = PBXBuildFile; fileRef = 7BA9BBB525FE760B006E1C4F /* AppDelegate.swift */; };
		7BA9BBB825FE760B006E1C4F /* SceneDelegate.swift in Sources */ = {isa = PBXBuildFile; fileRef = 7BA9BBB725FE760B006E1C4F /* SceneDelegate.swift */; };
		7BA9BBBA25FE760B006E1C4F /* ViewController.swift in Sources */ = {isa = PBXBuildFile; fileRef = 7BA9BBB925FE760B006E1C4F /* ViewController.swift */; };
		7BA9BBBD25FE760B006E1C4F /* Main.storyboard in Resources */ = {isa = PBXBuildFile; fileRef = 7BA9BBBB25FE760B006E1C4F /* Main.storyboard */; };
		7BA9BBBF25FE760D006E1C4F /* Assets.xcassets in Resources */ = {isa = PBXBuildFile; fileRef = 7BA9BBBE25FE760D006E1C4F /* Assets.xcassets */; };
		7BA9BBC225FE760D006E1C4F /* LaunchScreen.storyboard in Resources */ = {isa = PBXBuildFile; fileRef = 7BA9BBC025FE760D006E1C4F /* LaunchScreen.storyboard */; };
		7BA9BBCD25FE760D006E1C4F /* FeedAppTests.swift in Sources */ = {isa = PBXBuildFile; fileRef = 7BA9BBCC25FE760D006E1C4F /* FeedAppTests.swift */; };
		7BA9BBD825FE760D006E1C4F /* FeedAppUITests.swift in Sources */ = {isa = PBXBuildFile; fileRef = 7BA9BBD725FE760D006E1C4F /* FeedAppUITests.swift */; };
		7BA9BBF625FE8136006E1C4F /* CombineAPI.swift in Sources */ = {isa = PBXBuildFile; fileRef = 7BA9BBF525FE8136006E1C4F /* CombineAPI.swift */; };
		7BA9BBFE25FE8156006E1C4F /* FeedGenerator.swift in Sources */ = {isa = PBXBuildFile; fileRef = 7BA9BBFD25FE8156006E1C4F /* FeedGenerator.swift */; };
		7BA9BC0325FE816C006E1C4F /* ItunesClient.swift in Sources */ = {isa = PBXBuildFile; fileRef = 7BA9BC0225FE816C006E1C4F /* ItunesClient.swift */; };
		7BA9BC0825FE818B006E1C4F /* ItunesRemote.swift in Sources */ = {isa = PBXBuildFile; fileRef = 7BA9BC0725FE818B006E1C4F /* ItunesRemote.swift */; };
		7BA9BC0D25FE81A8006E1C4F /* Feed.swift in Sources */ = {isa = PBXBuildFile; fileRef = 7BA9BC0C25FE81A8006E1C4F /* Feed.swift */; };
		7BA9BC1225FE81C0006E1C4F /* FeedItem.swift in Sources */ = {isa = PBXBuildFile; fileRef = 7BA9BC1125FE81C0006E1C4F /* FeedItem.swift */; };
		7BA9BC1825FE917B006E1C4F /* TabBarController.swift in Sources */ = {isa = PBXBuildFile; fileRef = 7BA9BC1725FE917B006E1C4F /* TabBarController.swift */; };
		7BA9BC2025FE9193006E1C4F /* NavigationController.swift in Sources */ = {isa = PBXBuildFile; fileRef = 7BA9BC1F25FE9193006E1C4F /* NavigationController.swift */; };
		7BA9BC2625FE91CF006E1C4F /* UIStoryboard+Extension.swift in Sources */ = {isa = PBXBuildFile; fileRef = 7BA9BC2525FE91CF006E1C4F /* UIStoryboard+Extension.swift */; };
		7BA9BC3025FE922C006E1C4F /* HomeViewController.swift in Sources */ = {isa = PBXBuildFile; fileRef = 7BA9BC2F25FE922C006E1C4F /* HomeViewController.swift */; };
		7BA9BC3B25FE9381006E1C4F /* SplitViewController.swift in Sources */ = {isa = PBXBuildFile; fileRef = 7BA9BC3A25FE9381006E1C4F /* SplitViewController.swift */; };
		7BA9BC4425FE94A4006E1C4F /* EmptyDetailViewController.swift in Sources */ = {isa = PBXBuildFile; fileRef = 7BA9BC4325FE94A4006E1C4F /* EmptyDetailViewController.swift */; };
		7BA9BC4925FE96EA006E1C4F /* Layout.swift in Sources */ = {isa = PBXBuildFile; fileRef = 7BA9BC4825FE96EA006E1C4F /* Layout.swift */; };
/* End PBXBuildFile section */

/* Begin PBXContainerItemProxy section */
		7BA9BBC925FE760D006E1C4F /* PBXContainerItemProxy */ = {
			isa = PBXContainerItemProxy;
			containerPortal = 7BA9BBAA25FE760A006E1C4F /* Project object */;
			proxyType = 1;
			remoteGlobalIDString = 7BA9BBB125FE760A006E1C4F;
			remoteInfo = FeedApp;
		};
		7BA9BBD425FE760D006E1C4F /* PBXContainerItemProxy */ = {
			isa = PBXContainerItemProxy;
			containerPortal = 7BA9BBAA25FE760A006E1C4F /* Project object */;
			proxyType = 1;
			remoteGlobalIDString = 7BA9BBB125FE760A006E1C4F;
			remoteInfo = FeedApp;
		};
/* End PBXContainerItemProxy section */

/* Begin PBXFileReference section */
		7B1572ED2600642200FC138E /* ArtworkCell.swift */ = {isa = PBXFileReference; lastKnownFileType = sourcecode.swift; path = ArtworkCell.swift; sourceTree = "<group>"; };
		7B1572F62600649000FC138E /* ImageViewLoader.swift */ = {isa = PBXFileReference; lastKnownFileType = sourcecode.swift; path = ImageViewLoader.swift; sourceTree = "<group>"; };
		7B1573132601BC8000FC138E /* DiscoverViewController.swift */ = {isa = PBXFileReference; lastKnownFileType = sourcecode.swift; path = DiscoverViewController.swift; sourceTree = "<group>"; };
		7B15731F260541BF00FC138E /* MarvelRemote.swift */ = {isa = PBXFileReference; lastKnownFileType = sourcecode.swift; path = MarvelRemote.swift; sourceTree = "<group>"; };
		7B15732D26054B1D00FC138E /* DiscoveryFeedSupplementaryView.swift */ = {isa = PBXFileReference; lastKnownFileType = sourcecode.swift; path = DiscoveryFeedSupplementaryView.swift; sourceTree = "<group>"; };
		7B15733526054B9400FC138E /* NotificationsViewController.swift */ = {isa = PBXFileReference; lastKnownFileType = sourcecode.swift; path = NotificationsViewController.swift; sourceTree = "<group>"; };
		7B15733A26054BD000FC138E /* UserProfileViewController.swift */ = {isa = PBXFileReference; lastKnownFileType = sourcecode.swift; path = UserProfileViewController.swift; sourceTree = "<group>"; };
		7B15734726054D2900FC138E /* Artwork.swift */ = {isa = PBXFileReference; lastKnownFileType = sourcecode.swift; path = Artwork.swift; sourceTree = "<group>"; };
		7B1573552605729400FC138E /* VerticalLabelsStackView.xib */ = {isa = PBXFileReference; fileEncoding = 4; lastKnownFileType = file.xib; path = VerticalLabelsStackView.xib; sourceTree = "<group>"; };
		7B1573562605729400FC138E /* ProfileInfoView.swift */ = {isa = PBXFileReference; fileEncoding = 4; lastKnownFileType = sourcecode.swift; path = ProfileInfoView.swift; sourceTree = "<group>"; };
		7B1573572605729400FC138E /* VerticalLabelsStackView.swift */ = {isa = PBXFileReference; fileEncoding = 4; lastKnownFileType = sourcecode.swift; path = VerticalLabelsStackView.swift; sourceTree = "<group>"; };
		7B1573582605729400FC138E /* ProfileDataView.swift */ = {isa = PBXFileReference; fileEncoding = 4; lastKnownFileType = sourcecode.swift; path = ProfileDataView.swift; sourceTree = "<group>"; };
		7B1573592605729400FC138E /* ProfileDataView.xib */ = {isa = PBXFileReference; fileEncoding = 4; lastKnownFileType = file.xib; path = ProfileDataView.xib; sourceTree = "<group>"; };
		7B15735C2605729400FC138E /* ProfileInfoView.xib */ = {isa = PBXFileReference; fileEncoding = 4; lastKnownFileType = file.xib; path = ProfileInfoView.xib; sourceTree = "<group>"; };
		7B15736F2605738D00FC138E /* UIView+Extension.swift */ = {isa = PBXFileReference; lastKnownFileType = sourcecode.swift; path = "UIView+Extension.swift"; sourceTree = "<group>"; };
		7B1573772605743D00FC138E /* Label.swift */ = {isa = PBXFileReference; lastKnownFileType = sourcecode.swift; path = Label.swift; sourceTree = "<group>"; };
		7B292A9A2609517F0052BA22 /* NotificationItemCell.swift */ = {isa = PBXFileReference; lastKnownFileType = sourcecode.swift; path = NotificationItemCell.swift; sourceTree = "<group>"; };
		7B292A9C260959C30052BA22 /* DiffableCollectionView.swift */ = {isa = PBXFileReference; lastKnownFileType = sourcecode.swift; path = DiffableCollectionView.swift; sourceTree = "<group>"; };
		7B292A9F26095A420052BA22 /* GenericSectionIdentifierViewModel.swift */ = {isa = PBXFileReference; lastKnownFileType = sourcecode.swift; path = GenericSectionIdentifierViewModel.swift; sourceTree = "<group>"; };
		7B292AA126095AEB0052BA22 /* SectionIdentifierViewModel.swift */ = {isa = PBXFileReference; lastKnownFileType = sourcecode.swift; path = SectionIdentifierViewModel.swift; sourceTree = "<group>"; };
		7B292AA326095CE60052BA22 /* ViewModelInjection.swift */ = {isa = PBXFileReference; lastKnownFileType = sourcecode.swift; path = ViewModelInjection.swift; sourceTree = "<group>"; };
		7B292AA526095D760052BA22 /* Colors.xcassets */ = {isa = PBXFileReference; lastKnownFileType = folder.assetcatalog; name = Colors.xcassets; path = ../../InstagramIpad/SplitViewControllerTutorial/Colors.xcassets; sourceTree = "<group>"; };
		7B292AA7260963270052BA22 /* RemoteObservableObject.swift */ = {isa = PBXFileReference; lastKnownFileType = sourcecode.swift; path = RemoteObservableObject.swift; sourceTree = "<group>"; };
		7B292AA92609647E0052BA22 /* ThemeColors.swift */ = {isa = PBXFileReference; lastKnownFileType = sourcecode.swift; path = ThemeColors.swift; sourceTree = "<group>"; };
		7B292AAE26099D7D0052BA22 /* PreviewLoaderView.swift */ = {isa = PBXFileReference; lastKnownFileType = sourcecode.swift; path = PreviewLoaderView.swift; sourceTree = "<group>"; };
		7B292AB02612C3710052BA22 /* UserProfileFeedSupplementaryView.swift */ = {isa = PBXFileReference; lastKnownFileType = sourcecode.swift; path = UserProfileFeedSupplementaryView.swift; sourceTree = "<group>"; };
		7B2ED9DD26145EB600EEE573 /* FeedItemCell.xib */ = {isa = PBXFileReference; lastKnownFileType = file.xib; path = FeedItemCell.xib; sourceTree = "<group>"; };
		7B448767261EC6DC008D644F /* ItunesSearch.swift */ = {isa = PBXFileReference; lastKnownFileType = sourcecode.swift; path = ItunesSearch.swift; sourceTree = "<group>"; };
		7B448769261EC6F9008D644F /* ItunesMedia.swift */ = {isa = PBXFileReference; lastKnownFileType = sourcecode.swift; path = ItunesMedia.swift; sourceTree = "<group>"; };
		7B44876B261EC722008D644F /* ItunesEntity.swift */ = {isa = PBXFileReference; lastKnownFileType = sourcecode.swift; path = ItunesEntity.swift; sourceTree = "<group>"; };
		7B44876D261EC767008D644F /* ItunesAttribute.swift */ = {isa = PBXFileReference; lastKnownFileType = sourcecode.swift; path = ItunesAttribute.swift; sourceTree = "<group>"; };
		7B448771261EC898008D644F /* Artist.swift */ = {isa = PBXFileReference; lastKnownFileType = sourcecode.swift; path = Artist.swift; sourceTree = "<group>"; };
		7B448773261ECAB7008D644F /* SearchViewController.swift */ = {isa = PBXFileReference; lastKnownFileType = sourcecode.swift; path = SearchViewController.swift; sourceTree = "<group>"; };
		7B448776261ED874008D644F /* ArtistViewModel.swift */ = {isa = PBXFileReference; lastKnownFileType = sourcecode.swift; path = ArtistViewModel.swift; sourceTree = "<group>"; };
		7B5B493E2616906800F65A3D /* FeedItemAvatarView.xib */ = {isa = PBXFileReference; lastKnownFileType = file.xib; path = FeedItemAvatarView.xib; sourceTree = "<group>"; };
		7B5B49402617B77B00F65A3D /* MarvelFeedViewController.swift */ = {isa = PBXFileReference; lastKnownFileType = sourcecode.swift; path = MarvelFeedViewController.swift; sourceTree = "<group>"; };
		7B5E6C3026083D4000C62974 /* FeedItemViewModel.swift */ = {isa = PBXFileReference; lastKnownFileType = sourcecode.swift; path = FeedItemViewModel.swift; sourceTree = "<group>"; };
		7B5E6C3526083D7F00C62974 /* IdentifiableHashable.swift */ = {isa = PBXFileReference; lastKnownFileType = sourcecode.swift; path = IdentifiableHashable.swift; sourceTree = "<group>"; };
		7B5E6C4B26085E8A00C62974 /* UserProfileViewModel.swift */ = {isa = PBXFileReference; lastKnownFileType = sourcecode.swift; path = UserProfileViewModel.swift; sourceTree = "<group>"; };
		7B5E6C56260861C600C62974 /* GenericFeedCollectionReusableView.swift */ = {isa = PBXFileReference; lastKnownFileType = sourcecode.swift; path = GenericFeedCollectionReusableView.swift; sourceTree = "<group>"; };
		7B6E1941262F88CF007CC75B /* ItunesGroupsViewController.swift */ = {isa = PBXFileReference; lastKnownFileType = sourcecode.swift; path = ItunesGroupsViewController.swift; sourceTree = "<group>"; };
		7B8CD3FF2605C06E008BAEB9 /* UITraitCollection+Extension.swift */ = {isa = PBXFileReference; lastKnownFileType = sourcecode.swift; path = "UITraitCollection+Extension.swift"; sourceTree = "<group>"; };
		7B8CD4012605C0A7008BAEB9 /* UISplitViewController+Extension.swift */ = {isa = PBXFileReference; lastKnownFileType = sourcecode.swift; path = "UISplitViewController+Extension.swift"; sourceTree = "<group>"; };
		7B8CD4032605CE0D008BAEB9 /* StoryAvatarViewCell.swift */ = {isa = PBXFileReference; lastKnownFileType = sourcecode.swift; path = StoryAvatarViewCell.swift; sourceTree = "<group>"; };
		7B8CD4052606B132008BAEB9 /* HomeFeedSupplementaryView.swift */ = {isa = PBXFileReference; lastKnownFileType = sourcecode.swift; path = HomeFeedSupplementaryView.swift; sourceTree = "<group>"; };
		7B8CD4092606B28E008BAEB9 /* StorySnippeCell.swift */ = {isa = PBXFileReference; lastKnownFileType = sourcecode.swift; path = StorySnippeCell.swift; sourceTree = "<group>"; };
		7B8CD41A260713C7008BAEB9 /* FeedViewController.swift */ = {isa = PBXFileReference; fileEncoding = 4; lastKnownFileType = sourcecode.swift; path = FeedViewController.swift; sourceTree = "<group>"; };
		7B8CD42126071490008BAEB9 /* FeedItemCell.swift */ = {isa = PBXFileReference; lastKnownFileType = sourcecode.swift; path = FeedItemCell.swift; sourceTree = "<group>"; };
		7B8CD42626071CC1008BAEB9 /* FeedItemAvatarView.swift */ = {isa = PBXFileReference; fileEncoding = 4; lastKnownFileType = sourcecode.swift; path = FeedItemAvatarView.swift; sourceTree = "<group>"; };
		7B8CD42A26072D88008BAEB9 /* Button.swift */ = {isa = PBXFileReference; lastKnownFileType = sourcecode.swift; path = Button.swift; sourceTree = "<group>"; };
		7B8CD42D2607F239008BAEB9 /* GenericFeedViewController.swift */ = {isa = PBXFileReference; lastKnownFileType = sourcecode.swift; path = GenericFeedViewController.swift; sourceTree = "<group>"; };
		7B8CD43126080B15008BAEB9 /* ContentReusable.swift */ = {isa = PBXFileReference; lastKnownFileType = sourcecode.swift; path = ContentReusable.swift; sourceTree = "<group>"; };
		7B8CD43526080C49008BAEB9 /* UIView+AutoLayout.swift */ = {isa = PBXFileReference; lastKnownFileType = sourcecode.swift; path = "UIView+AutoLayout.swift"; sourceTree = "<group>"; };
		7B8CD43726080D3A008BAEB9 /* CollectionReusableIdentifier.swift */ = {isa = PBXFileReference; lastKnownFileType = sourcecode.swift; path = CollectionReusableIdentifier.swift; sourceTree = "<group>"; };
		7B8CD43926080DB3008BAEB9 /* UICollectionView+CollectionReusableIdentifier.swift */ = {isa = PBXFileReference; lastKnownFileType = sourcecode.swift; path = "UICollectionView+CollectionReusableIdentifier.swift"; sourceTree = "<group>"; };
		7B8CD43C26080E81008BAEB9 /* BaseXibView.swift */ = {isa = PBXFileReference; lastKnownFileType = sourcecode.swift; path = BaseXibView.swift; sourceTree = "<group>"; };
		7B8CD43E26081289008BAEB9 /* BaseView.swift */ = {isa = PBXFileReference; lastKnownFileType = sourcecode.swift; path = BaseView.swift; sourceTree = "<group>"; };
		7B8CD4402608129E008BAEB9 /* CollectionViewCell.swift */ = {isa = PBXFileReference; lastKnownFileType = sourcecode.swift; path = CollectionViewCell.swift; sourceTree = "<group>"; };
		7B8CD442260813DE008BAEB9 /* CollectionReusableViewContainer.swift */ = {isa = PBXFileReference; lastKnownFileType = sourcecode.swift; path = CollectionReusableViewContainer.swift; sourceTree = "<group>"; };
		7B9223212605BB6A006B7C51 /* AvatarView.swift */ = {isa = PBXFileReference; lastKnownFileType = sourcecode.swift; path = AvatarView.swift; sourceTree = "<group>"; };
		7BA9BBB225FE760A006E1C4F /* FeedApp.app */ = {isa = PBXFileReference; explicitFileType = wrapper.application; includeInIndex = 0; path = FeedApp.app; sourceTree = BUILT_PRODUCTS_DIR; };
		7BA9BBB525FE760B006E1C4F /* AppDelegate.swift */ = {isa = PBXFileReference; lastKnownFileType = sourcecode.swift; path = AppDelegate.swift; sourceTree = "<group>"; };
		7BA9BBB725FE760B006E1C4F /* SceneDelegate.swift */ = {isa = PBXFileReference; lastKnownFileType = sourcecode.swift; path = SceneDelegate.swift; sourceTree = "<group>"; };
		7BA9BBB925FE760B006E1C4F /* ViewController.swift */ = {isa = PBXFileReference; lastKnownFileType = sourcecode.swift; path = ViewController.swift; sourceTree = "<group>"; };
		7BA9BBBC25FE760B006E1C4F /* Base */ = {isa = PBXFileReference; lastKnownFileType = file.storyboard; name = Base; path = Base.lproj/Main.storyboard; sourceTree = "<group>"; };
		7BA9BBBE25FE760D006E1C4F /* Assets.xcassets */ = {isa = PBXFileReference; lastKnownFileType = folder.assetcatalog; path = Assets.xcassets; sourceTree = "<group>"; };
		7BA9BBC125FE760D006E1C4F /* Base */ = {isa = PBXFileReference; lastKnownFileType = file.storyboard; name = Base; path = Base.lproj/LaunchScreen.storyboard; sourceTree = "<group>"; };
		7BA9BBC325FE760D006E1C4F /* Info.plist */ = {isa = PBXFileReference; lastKnownFileType = text.plist.xml; path = Info.plist; sourceTree = "<group>"; };
		7BA9BBC825FE760D006E1C4F /* FeedAppTests.xctest */ = {isa = PBXFileReference; explicitFileType = wrapper.cfbundle; includeInIndex = 0; path = FeedAppTests.xctest; sourceTree = BUILT_PRODUCTS_DIR; };
		7BA9BBCC25FE760D006E1C4F /* FeedAppTests.swift */ = {isa = PBXFileReference; lastKnownFileType = sourcecode.swift; path = FeedAppTests.swift; sourceTree = "<group>"; };
		7BA9BBCE25FE760D006E1C4F /* Info.plist */ = {isa = PBXFileReference; lastKnownFileType = text.plist.xml; path = Info.plist; sourceTree = "<group>"; };
		7BA9BBD325FE760D006E1C4F /* FeedAppUITests.xctest */ = {isa = PBXFileReference; explicitFileType = wrapper.cfbundle; includeInIndex = 0; path = FeedAppUITests.xctest; sourceTree = BUILT_PRODUCTS_DIR; };
		7BA9BBD725FE760D006E1C4F /* FeedAppUITests.swift */ = {isa = PBXFileReference; lastKnownFileType = sourcecode.swift; path = FeedAppUITests.swift; sourceTree = "<group>"; };
		7BA9BBD925FE760D006E1C4F /* Info.plist */ = {isa = PBXFileReference; lastKnownFileType = text.plist.xml; path = Info.plist; sourceTree = "<group>"; };
		7BA9BBF525FE8136006E1C4F /* CombineAPI.swift */ = {isa = PBXFileReference; lastKnownFileType = sourcecode.swift; path = CombineAPI.swift; sourceTree = "<group>"; };
		7BA9BBFD25FE8156006E1C4F /* FeedGenerator.swift */ = {isa = PBXFileReference; lastKnownFileType = sourcecode.swift; path = FeedGenerator.swift; sourceTree = "<group>"; };
		7BA9BC0225FE816C006E1C4F /* ItunesClient.swift */ = {isa = PBXFileReference; lastKnownFileType = sourcecode.swift; path = ItunesClient.swift; sourceTree = "<group>"; };
		7BA9BC0725FE818B006E1C4F /* ItunesRemote.swift */ = {isa = PBXFileReference; lastKnownFileType = sourcecode.swift; path = ItunesRemote.swift; sourceTree = "<group>"; };
		7BA9BC0C25FE81A8006E1C4F /* Feed.swift */ = {isa = PBXFileReference; lastKnownFileType = sourcecode.swift; path = Feed.swift; sourceTree = "<group>"; };
		7BA9BC1125FE81C0006E1C4F /* FeedItem.swift */ = {isa = PBXFileReference; lastKnownFileType = sourcecode.swift; path = FeedItem.swift; sourceTree = "<group>"; };
		7BA9BC1725FE917B006E1C4F /* TabBarController.swift */ = {isa = PBXFileReference; lastKnownFileType = sourcecode.swift; path = TabBarController.swift; sourceTree = "<group>"; };
		7BA9BC1F25FE9193006E1C4F /* NavigationController.swift */ = {isa = PBXFileReference; lastKnownFileType = sourcecode.swift; path = NavigationController.swift; sourceTree = "<group>"; };
		7BA9BC2525FE91CF006E1C4F /* UIStoryboard+Extension.swift */ = {isa = PBXFileReference; lastKnownFileType = sourcecode.swift; path = "UIStoryboard+Extension.swift"; sourceTree = "<group>"; };
		7BA9BC2F25FE922C006E1C4F /* HomeViewController.swift */ = {isa = PBXFileReference; lastKnownFileType = sourcecode.swift; path = HomeViewController.swift; sourceTree = "<group>"; };
		7BA9BC3A25FE9381006E1C4F /* SplitViewController.swift */ = {isa = PBXFileReference; lastKnownFileType = sourcecode.swift; path = SplitViewController.swift; sourceTree = "<group>"; };
		7BA9BC4325FE94A4006E1C4F /* EmptyDetailViewController.swift */ = {isa = PBXFileReference; lastKnownFileType = sourcecode.swift; path = EmptyDetailViewController.swift; sourceTree = "<group>"; };
		7BA9BC4825FE96EA006E1C4F /* Layout.swift */ = {isa = PBXFileReference; lastKnownFileType = sourcecode.swift; path = Layout.swift; sourceTree = "<group>"; };
/* End PBXFileReference section */

/* Begin PBXFrameworksBuildPhase section */
		7BA9BBAF25FE760A006E1C4F /* Frameworks */ = {
			isa = PBXFrameworksBuildPhase;
			buildActionMask = 2147483647;
			files = (
				7B5E6C6726092EBD00C62974 /* SDWebImage in Frameworks */,
				7B5066822623F72B00BD7502 /* MarvelClient in Frameworks */,
				7B5E6C6926092EBD00C62974 /* SDWebImageMapKit in Frameworks */,
			);
			runOnlyForDeploymentPostprocessing = 0;
		};
		7BA9BBC525FE760D006E1C4F /* Frameworks */ = {
			isa = PBXFrameworksBuildPhase;
			buildActionMask = 2147483647;
			files = (
			);
			runOnlyForDeploymentPostprocessing = 0;
		};
		7BA9BBD025FE760D006E1C4F /* Frameworks */ = {
			isa = PBXFrameworksBuildPhase;
			buildActionMask = 2147483647;
			files = (
			);
			runOnlyForDeploymentPostprocessing = 0;
		};
/* End PBXFrameworksBuildPhase section */

/* Begin PBXGroup section */
		7B1572EB2600640C00FC138E /* Views */ = {
			isa = PBXGroup;
			children = (
				7B1572F52600644000FC138E /* CustomViews */,
				7B1572EC2600641500FC138E /* Cells */,
			);
			path = Views;
			sourceTree = "<group>";
		};
		7B1572EC2600641500FC138E /* Cells */ = {
			isa = PBXGroup;
			children = (
				7B8CD42026071478008BAEB9 /* Feeds */,
				7B1572ED2600642200FC138E /* ArtworkCell.swift */,
			);
			path = Cells;
			sourceTree = "<group>";
		};
		7B1572F52600644000FC138E /* CustomViews */ = {
			isa = PBXGroup;
			children = (
				7B8CD40D2607126C008BAEB9 /* Feed */,
				7B1573542605729400FC138E /* Profile */,
				7B1573522605723100FC138E /* Story */,
			);
			path = CustomViews;
			sourceTree = "<group>";
		};
		7B1572FB2600654900FC138E /* Models */ = {
			isa = PBXGroup;
			children = (
				7B448766261EC6A1008D644F /* ItunesSearch */,
				7B292A9E26095A320052BA22 /* Generic */,
				7B5E6C4726085E1A00C62974 /* UserInfo */,
				7B1573252605420500FC138E /* ItunesFeed */,
				7B157324260541FE00FC138E /* MarvelFeed */,
			);
			path = Models;
			sourceTree = "<group>";
		};
		7B15731E2605414500FC138E /* ObservableObjects */ = {
			isa = PBXGroup;
			children = (
				7B15731F260541BF00FC138E /* MarvelRemote.swift */,
			);
			path = ObservableObjects;
			sourceTree = "<group>";
		};
		7B157324260541FE00FC138E /* MarvelFeed */ = {
			isa = PBXGroup;
			children = (
				7B15731E2605414500FC138E /* ObservableObjects */,
			);
			path = MarvelFeed;
			sourceTree = "<group>";
		};
		7B1573252605420500FC138E /* ItunesFeed */ = {
			isa = PBXGroup;
			children = (
				7B5E6C2F26083D0F00C62974 /* ViewModels */,
				7BA9BBF425FE8126006E1C4F /* Models */,
				7BA9BBF325FE811D006E1C4F /* Networking */,
				7B1573262605421C00FC138E /* Observableobjects */,
			);
			path = ItunesFeed;
			sourceTree = "<group>";
		};
		7B1573262605421C00FC138E /* Observableobjects */ = {
			isa = PBXGroup;
			children = (
				7BA9BC0725FE818B006E1C4F /* ItunesRemote.swift */,
			);
			path = Observableobjects;
			sourceTree = "<group>";
		};
		7B15734626054D1200FC138E /* Protocols */ = {
			isa = PBXGroup;
			children = (
				7B15734726054D2900FC138E /* Artwork.swift */,
				7B8CD43126080B15008BAEB9 /* ContentReusable.swift */,
				7B8CD43726080D3A008BAEB9 /* CollectionReusableIdentifier.swift */,
				7B5E6C3526083D7F00C62974 /* IdentifiableHashable.swift */,
				7B292AA126095AEB0052BA22 /* SectionIdentifierViewModel.swift */,
				7B292AA326095CE60052BA22 /* ViewModelInjection.swift */,
				7B292AA7260963270052BA22 /* RemoteObservableObject.swift */,
			);
			path = Protocols;
			sourceTree = "<group>";
		};
		7B1573522605723100FC138E /* Story */ = {
			isa = PBXGroup;
			children = (
				7B8CD4082606B232008BAEB9 /* Cells */,
				7B8CD4072606B220008BAEB9 /* ReusableViews */,
			);
			path = Story;
			sourceTree = "<group>";
		};
		7B1573542605729400FC138E /* Profile */ = {
			isa = PBXGroup;
			children = (
				7B1573552605729400FC138E /* VerticalLabelsStackView.xib */,
				7B1573562605729400FC138E /* ProfileInfoView.swift */,
				7B1573572605729400FC138E /* VerticalLabelsStackView.swift */,
				7B1573582605729400FC138E /* ProfileDataView.swift */,
				7B1573592605729400FC138E /* ProfileDataView.xib */,
				7B15735C2605729400FC138E /* ProfileInfoView.xib */,
				7B9223212605BB6A006B7C51 /* AvatarView.swift */,
			);
			path = Profile;
			sourceTree = "<group>";
		};
		7B15736E2605736A00FC138E /* Helpers */ = {
			isa = PBXGroup;
			children = (
				7B15734626054D1200FC138E /* Protocols */,
				7B8CD43B26080E2C008BAEB9 /* BaseClasses */,
				7B8CD43026080A67008BAEB9 /* ReusableTools */,
				7B8CD42F26080A58008BAEB9 /* Extensions */,
			);
			path = Helpers;
			sourceTree = "<group>";
		};
		7B292A9E26095A320052BA22 /* Generic */ = {
			isa = PBXGroup;
			children = (
				7B292A9F26095A420052BA22 /* GenericSectionIdentifierViewModel.swift */,
			);
			path = Generic;
			sourceTree = "<group>";
		};
		7B448766261EC6A1008D644F /* ItunesSearch */ = {
			isa = PBXGroup;
			children = (
				7B448775261ED869008D644F /* ViewModels */,
				7B448770261EC883008D644F /* Models */,
				7B44876F261EC879008D644F /* Networking */,
			);
			path = ItunesSearch;
			sourceTree = "<group>";
		};
		7B44876F261EC879008D644F /* Networking */ = {
			isa = PBXGroup;
			children = (
				7B448767261EC6DC008D644F /* ItunesSearch.swift */,
				7B448769261EC6F9008D644F /* ItunesMedia.swift */,
				7B44876B261EC722008D644F /* ItunesEntity.swift */,
				7B44876D261EC767008D644F /* ItunesAttribute.swift */,
			);
			path = Networking;
			sourceTree = "<group>";
		};
		7B448770261EC883008D644F /* Models */ = {
			isa = PBXGroup;
			children = (
				7B448771261EC898008D644F /* Artist.swift */,
			);
			path = Models;
			sourceTree = "<group>";
		};
		7B448775261ED869008D644F /* ViewModels */ = {
			isa = PBXGroup;
			children = (
				7B448776261ED874008D644F /* ArtistViewModel.swift */,
			);
			path = ViewModels;
			sourceTree = "<group>";
		};
		7B5E6C2F26083D0F00C62974 /* ViewModels */ = {
			isa = PBXGroup;
			children = (
				7B5E6C3026083D4000C62974 /* FeedItemViewModel.swift */,
			);
			path = ViewModels;
			sourceTree = "<group>";
		};
		7B5E6C4726085E1A00C62974 /* UserInfo */ = {
			isa = PBXGroup;
			children = (
				7B5E6C4B26085E8A00C62974 /* UserProfileViewModel.swift */,
			);
			path = UserInfo;
			sourceTree = "<group>";
		};
		7B8CD4072606B220008BAEB9 /* ReusableViews */ = {
			isa = PBXGroup;
			children = (
				7B5E6C56260861C600C62974 /* GenericFeedCollectionReusableView.swift */,
				7B8CD4052606B132008BAEB9 /* HomeFeedSupplementaryView.swift */,
				7B15732D26054B1D00FC138E /* DiscoveryFeedSupplementaryView.swift */,
				7B292AB02612C3710052BA22 /* UserProfileFeedSupplementaryView.swift */,
			);
			path = ReusableViews;
			sourceTree = "<group>";
		};
		7B8CD4082606B232008BAEB9 /* Cells */ = {
			isa = PBXGroup;
			children = (
				7B8CD4032605CE0D008BAEB9 /* StoryAvatarViewCell.swift */,
				7B8CD4092606B28E008BAEB9 /* StorySnippeCell.swift */,
			);
			path = Cells;
			sourceTree = "<group>";
		};
		7B8CD40D2607126C008BAEB9 /* Feed */ = {
			isa = PBXGroup;
			children = (
				7B8CD42626071CC1008BAEB9 /* FeedItemAvatarView.swift */,
				7B5B493E2616906800F65A3D /* FeedItemAvatarView.xib */,
			);
			path = Feed;
			sourceTree = "<group>";
		};
		7B8CD42026071478008BAEB9 /* Feeds */ = {
			isa = PBXGroup;
			children = (
				7B8CD42126071490008BAEB9 /* FeedItemCell.swift */,
				7B2ED9DD26145EB600EEE573 /* FeedItemCell.xib */,
				7B292A9A2609517F0052BA22 /* NotificationItemCell.swift */,
			);
			path = Feeds;
			sourceTree = "<group>";
		};
		7B8CD42C2607F218008BAEB9 /* BaseViewControllers */ = {
			isa = PBXGroup;
			children = (
				7B8CD42D2607F239008BAEB9 /* GenericFeedViewController.swift */,
			);
			path = BaseViewControllers;
			sourceTree = "<group>";
		};
		7B8CD42F26080A58008BAEB9 /* Extensions */ = {
			isa = PBXGroup;
			children = (
				7BA9BC2525FE91CF006E1C4F /* UIStoryboard+Extension.swift */,
				7B15736F2605738D00FC138E /* UIView+Extension.swift */,
				7B8CD3FF2605C06E008BAEB9 /* UITraitCollection+Extension.swift */,
				7B8CD4012605C0A7008BAEB9 /* UISplitViewController+Extension.swift */,
				7B8CD43526080C49008BAEB9 /* UIView+AutoLayout.swift */,
				7B8CD43926080DB3008BAEB9 /* UICollectionView+CollectionReusableIdentifier.swift */,
			);
			path = Extensions;
			sourceTree = "<group>";
		};
		7B8CD43026080A67008BAEB9 /* ReusableTools */ = {
			isa = PBXGroup;
			children = (
				7BA9BC4825FE96EA006E1C4F /* Layout.swift */,
				7B1572F62600649000FC138E /* ImageViewLoader.swift */,
				7B292A9C260959C30052BA22 /* DiffableCollectionView.swift */,
				7B292AA92609647E0052BA22 /* ThemeColors.swift */,
				7B292AAE26099D7D0052BA22 /* PreviewLoaderView.swift */,
			);
			path = ReusableTools;
			sourceTree = "<group>";
		};
		7B8CD43B26080E2C008BAEB9 /* BaseClasses */ = {
			isa = PBXGroup;
			children = (
				7BA9BBB925FE760B006E1C4F /* ViewController.swift */,
				7B8CD42A26072D88008BAEB9 /* Button.swift */,
				7B1573772605743D00FC138E /* Label.swift */,
				7B8CD43C26080E81008BAEB9 /* BaseXibView.swift */,
				7B8CD43E26081289008BAEB9 /* BaseView.swift */,
				7B8CD4402608129E008BAEB9 /* CollectionViewCell.swift */,
				7B8CD442260813DE008BAEB9 /* CollectionReusableViewContainer.swift */,
			);
			path = BaseClasses;
			sourceTree = "<group>";
		};
		7BA9BBA925FE760A006E1C4F = {
			isa = PBXGroup;
			children = (
				7BA9BBB425FE760A006E1C4F /* FeedApp */,
				7BA9BBCB25FE760D006E1C4F /* FeedAppTests */,
				7BA9BBD625FE760D006E1C4F /* FeedAppUITests */,
				7BA9BBB325FE760A006E1C4F /* Products */,
			);
			sourceTree = "<group>";
		};
		7BA9BBB325FE760A006E1C4F /* Products */ = {
			isa = PBXGroup;
			children = (
				7BA9BBB225FE760A006E1C4F /* FeedApp.app */,
				7BA9BBC825FE760D006E1C4F /* FeedAppTests.xctest */,
				7BA9BBD325FE760D006E1C4F /* FeedAppUITests.xctest */,
			);
			name = Products;
			sourceTree = "<group>";
		};
		7BA9BBB425FE760A006E1C4F /* FeedApp */ = {
			isa = PBXGroup;
			children = (
				7B15736E2605736A00FC138E /* Helpers */,
				7B1572FB2600654900FC138E /* Models */,
				7B1572EB2600640C00FC138E /* Views */,
				7BA9BC2E25FE921F006E1C4F /* ViewController */,
				7BA9BC1625FE916F006E1C4F /* RootItems */,
				7BA9BBB525FE760B006E1C4F /* AppDelegate.swift */,
				7BA9BBB725FE760B006E1C4F /* SceneDelegate.swift */,
				7BA9BBBB25FE760B006E1C4F /* Main.storyboard */,
				7BA9BBBE25FE760D006E1C4F /* Assets.xcassets */,
				7B292AA526095D760052BA22 /* Colors.xcassets */,
				7BA9BBC025FE760D006E1C4F /* LaunchScreen.storyboard */,
				7BA9BBC325FE760D006E1C4F /* Info.plist */,
			);
			path = FeedApp;
			sourceTree = "<group>";
		};
		7BA9BBCB25FE760D006E1C4F /* FeedAppTests */ = {
			isa = PBXGroup;
			children = (
				7BA9BBCC25FE760D006E1C4F /* FeedAppTests.swift */,
				7BA9BBCE25FE760D006E1C4F /* Info.plist */,
			);
			path = FeedAppTests;
			sourceTree = "<group>";
		};
		7BA9BBD625FE760D006E1C4F /* FeedAppUITests */ = {
			isa = PBXGroup;
			children = (
				7BA9BBD725FE760D006E1C4F /* FeedAppUITests.swift */,
				7BA9BBD925FE760D006E1C4F /* Info.plist */,
			);
			path = FeedAppUITests;
			sourceTree = "<group>";
		};
		7BA9BBF325FE811D006E1C4F /* Networking */ = {
			isa = PBXGroup;
			children = (
				7BA9BBF525FE8136006E1C4F /* CombineAPI.swift */,
				7BA9BBFD25FE8156006E1C4F /* FeedGenerator.swift */,
				7BA9BC0225FE816C006E1C4F /* ItunesClient.swift */,
			);
			path = Networking;
			sourceTree = "<group>";
		};
		7BA9BBF425FE8126006E1C4F /* Models */ = {
			isa = PBXGroup;
			children = (
				7BA9BC0C25FE81A8006E1C4F /* Feed.swift */,
				7BA9BC1125FE81C0006E1C4F /* FeedItem.swift */,
			);
			path = Models;
			sourceTree = "<group>";
		};
		7BA9BC1625FE916F006E1C4F /* RootItems */ = {
			isa = PBXGroup;
			children = (
				7BA9BC1725FE917B006E1C4F /* TabBarController.swift */,
				7BA9BC1F25FE9193006E1C4F /* NavigationController.swift */,
				7BA9BC3A25FE9381006E1C4F /* SplitViewController.swift */,
			);
			path = RootItems;
			sourceTree = "<group>";
		};
		7BA9BC2E25FE921F006E1C4F /* ViewController */ = {
			isa = PBXGroup;
			children = (
				7B8CD42C2607F218008BAEB9 /* BaseViewControllers */,
				7BA9BC2F25FE922C006E1C4F /* HomeViewController.swift */,
				7B5B49402617B77B00F65A3D /* MarvelFeedViewController.swift */,
				7B6E1941262F88CF007CC75B /* ItunesGroupsViewController.swift */,
				7B448773261ECAB7008D644F /* SearchViewController.swift */,
				7B1573132601BC8000FC138E /* DiscoverViewController.swift */,
				7B15733526054B9400FC138E /* NotificationsViewController.swift */,
				7B15733A26054BD000FC138E /* UserProfileViewController.swift */,
				7BA9BC4325FE94A4006E1C4F /* EmptyDetailViewController.swift */,
				7B8CD41A260713C7008BAEB9 /* FeedViewController.swift */,
			);
			path = ViewController;
			sourceTree = "<group>";
		};
/* End PBXGroup section */

/* Begin PBXNativeTarget section */
		7BA9BBB125FE760A006E1C4F /* FeedApp */ = {
			isa = PBXNativeTarget;
			buildConfigurationList = 7BA9BBDC25FE760D006E1C4F /* Build configuration list for PBXNativeTarget "FeedApp" */;
			buildPhases = (
				7BA9BBAE25FE760A006E1C4F /* Sources */,
				7BA9BBAF25FE760A006E1C4F /* Frameworks */,
				7BA9BBB025FE760A006E1C4F /* Resources */,
			);
			buildRules = (
			);
			dependencies = (
			);
			name = FeedApp;
			packageProductDependencies = (
				7B5E6C6626092EBD00C62974 /* SDWebImage */,
				7B5E6C6826092EBD00C62974 /* SDWebImageMapKit */,
				7B5066812623F72B00BD7502 /* MarvelClient */,
			);
			productName = FeedApp;
			productReference = 7BA9BBB225FE760A006E1C4F /* FeedApp.app */;
			productType = "com.apple.product-type.application";
		};
		7BA9BBC725FE760D006E1C4F /* FeedAppTests */ = {
			isa = PBXNativeTarget;
			buildConfigurationList = 7BA9BBDF25FE760D006E1C4F /* Build configuration list for PBXNativeTarget "FeedAppTests" */;
			buildPhases = (
				7BA9BBC425FE760D006E1C4F /* Sources */,
				7BA9BBC525FE760D006E1C4F /* Frameworks */,
				7BA9BBC625FE760D006E1C4F /* Resources */,
			);
			buildRules = (
			);
			dependencies = (
				7BA9BBCA25FE760D006E1C4F /* PBXTargetDependency */,
			);
			name = FeedAppTests;
			productName = FeedAppTests;
			productReference = 7BA9BBC825FE760D006E1C4F /* FeedAppTests.xctest */;
			productType = "com.apple.product-type.bundle.unit-test";
		};
		7BA9BBD225FE760D006E1C4F /* FeedAppUITests */ = {
			isa = PBXNativeTarget;
			buildConfigurationList = 7BA9BBE225FE760D006E1C4F /* Build configuration list for PBXNativeTarget "FeedAppUITests" */;
			buildPhases = (
				7BA9BBCF25FE760D006E1C4F /* Sources */,
				7BA9BBD025FE760D006E1C4F /* Frameworks */,
				7BA9BBD125FE760D006E1C4F /* Resources */,
			);
			buildRules = (
			);
			dependencies = (
				7BA9BBD525FE760D006E1C4F /* PBXTargetDependency */,
			);
			name = FeedAppUITests;
			productName = FeedAppUITests;
			productReference = 7BA9BBD325FE760D006E1C4F /* FeedAppUITests.xctest */;
			productType = "com.apple.product-type.bundle.ui-testing";
		};
/* End PBXNativeTarget section */

/* Begin PBXProject section */
		7BA9BBAA25FE760A006E1C4F /* Project object */ = {
			isa = PBXProject;
			attributes = {
				LastSwiftUpdateCheck = 1220;
				LastUpgradeCheck = 1220;
				TargetAttributes = {
					7BA9BBB125FE760A006E1C4F = {
						CreatedOnToolsVersion = 12.2;
					};
					7BA9BBC725FE760D006E1C4F = {
						CreatedOnToolsVersion = 12.2;
						TestTargetID = 7BA9BBB125FE760A006E1C4F;
					};
					7BA9BBD225FE760D006E1C4F = {
						CreatedOnToolsVersion = 12.2;
						TestTargetID = 7BA9BBB125FE760A006E1C4F;
					};
				};
			};
			buildConfigurationList = 7BA9BBAD25FE760A006E1C4F /* Build configuration list for PBXProject "FeedApp" */;
			compatibilityVersion = "Xcode 9.3";
			developmentRegion = en;
			hasScannedForEncodings = 0;
			knownRegions = (
				en,
				Base,
			);
			mainGroup = 7BA9BBA925FE760A006E1C4F;
			packageReferences = (
				7B5E6C6526092EBD00C62974 /* XCRemoteSwiftPackageReference "SDWebImage" */,
				7B5066802623F72B00BD7502 /* XCRemoteSwiftPackageReference "MarvelClient" */,
			);
			productRefGroup = 7BA9BBB325FE760A006E1C4F /* Products */;
			projectDirPath = "";
			projectRoot = "";
			targets = (
				7BA9BBB125FE760A006E1C4F /* FeedApp */,
				7BA9BBC725FE760D006E1C4F /* FeedAppTests */,
				7BA9BBD225FE760D006E1C4F /* FeedAppUITests */,
			);
		};
/* End PBXProject section */

/* Begin PBXResourcesBuildPhase section */
		7BA9BBB025FE760A006E1C4F /* Resources */ = {
			isa = PBXResourcesBuildPhase;
			buildActionMask = 2147483647;
			files = (
				7BA9BBC225FE760D006E1C4F /* LaunchScreen.storyboard in Resources */,
				7B5B493F2616906800F65A3D /* FeedItemAvatarView.xib in Resources */,
				7B1573612605729400FC138E /* ProfileDataView.xib in Resources */,
				7B1573642605729400FC138E /* ProfileInfoView.xib in Resources */,
				7BA9BBBF25FE760D006E1C4F /* Assets.xcassets in Resources */,
				7B15735D2605729400FC138E /* VerticalLabelsStackView.xib in Resources */,
				7B2ED9DE26145EB600EEE573 /* FeedItemCell.xib in Resources */,
				7B292AA626095EB30052BA22 /* Colors.xcassets in Resources */,
				7BA9BBBD25FE760B006E1C4F /* Main.storyboard in Resources */,
			);
			runOnlyForDeploymentPostprocessing = 0;
		};
		7BA9BBC625FE760D006E1C4F /* Resources */ = {
			isa = PBXResourcesBuildPhase;
			buildActionMask = 2147483647;
			files = (
			);
			runOnlyForDeploymentPostprocessing = 0;
		};
		7BA9BBD125FE760D006E1C4F /* Resources */ = {
			isa = PBXResourcesBuildPhase;
			buildActionMask = 2147483647;
			files = (
			);
			runOnlyForDeploymentPostprocessing = 0;
		};
/* End PBXResourcesBuildPhase section */

/* Begin PBXSourcesBuildPhase section */
		7BA9BBAE25FE760A006E1C4F /* Sources */ = {
			isa = PBXSourcesBuildPhase;
			buildActionMask = 2147483647;
			files = (
				7B15735E2605729400FC138E /* ProfileInfoView.swift in Sources */,
				7B15732E26054B1D00FC138E /* DiscoveryFeedSupplementaryView.swift in Sources */,
				7B15735F2605729400FC138E /* VerticalLabelsStackView.swift in Sources */,
				7B5E6C3126083D4000C62974 /* FeedItemViewModel.swift in Sources */,
				7B44876A261EC6F9008D644F /* ItunesMedia.swift in Sources */,
				7B15733B26054BD000FC138E /* UserProfileViewController.swift in Sources */,
				7B8CD41B260713C7008BAEB9 /* FeedViewController.swift in Sources */,
				7B8CD43D26080E81008BAEB9 /* BaseXibView.swift in Sources */,
				7B292AA026095A420052BA22 /* GenericSectionIdentifierViewModel.swift in Sources */,
				7B5E6C57260861C600C62974 /* GenericFeedCollectionReusableView.swift in Sources */,
				7B5E6C3626083D7F00C62974 /* IdentifiableHashable.swift in Sources */,
				7BA9BC2025FE9193006E1C4F /* NavigationController.swift in Sources */,
				7B448777261ED874008D644F /* ArtistViewModel.swift in Sources */,
				7B9223222605BB6A006B7C51 /* AvatarView.swift in Sources */,
				7B6E1942262F88CF007CC75B /* ItunesGroupsViewController.swift in Sources */,
				7B8CD42B26072D88008BAEB9 /* Button.swift in Sources */,
				7BA9BC3B25FE9381006E1C4F /* SplitViewController.swift in Sources */,
				7B5E6C4C26085E8A00C62974 /* UserProfileViewModel.swift in Sources */,
				7B8CD43626080C49008BAEB9 /* UIView+AutoLayout.swift in Sources */,
				7BA9BC0325FE816C006E1C4F /* ItunesClient.swift in Sources */,
				7BA9BC2625FE91CF006E1C4F /* UIStoryboard+Extension.swift in Sources */,
				7BA9BC0D25FE81A8006E1C4F /* Feed.swift in Sources */,
				7B8CD42E2607F239008BAEB9 /* GenericFeedViewController.swift in Sources */,
				7B8CD43F26081289008BAEB9 /* BaseView.swift in Sources */,
				7B44876E261EC767008D644F /* ItunesAttribute.swift in Sources */,
				7B8CD43A26080DB3008BAEB9 /* UICollectionView+CollectionReusableIdentifier.swift in Sources */,
				7B292AA226095AEB0052BA22 /* SectionIdentifierViewModel.swift in Sources */,
				7B292AB12612C3710052BA22 /* UserProfileFeedSupplementaryView.swift in Sources */,
				7B292AA426095CE60052BA22 /* ViewModelInjection.swift in Sources */,
				7B8CD4412608129E008BAEB9 /* CollectionViewCell.swift in Sources */,
				7B8CD40A2606B28E008BAEB9 /* StorySnippeCell.swift in Sources */,
				7BA9BC4925FE96EA006E1C4F /* Layout.swift in Sources */,
				7B15733626054B9400FC138E /* NotificationsViewController.swift in Sources */,
				7BA9BBFE25FE8156006E1C4F /* FeedGenerator.swift in Sources */,
				7B8CD4022605C0A7008BAEB9 /* UISplitViewController+Extension.swift in Sources */,
				7B292AAF26099D7E0052BA22 /* PreviewLoaderView.swift in Sources */,
				7B8CD443260813DE008BAEB9 /* CollectionReusableViewContainer.swift in Sources */,
				7B8CD4042605CE0D008BAEB9 /* StoryAvatarViewCell.swift in Sources */,
				7B8CD43226080B15008BAEB9 /* ContentReusable.swift in Sources */,
				7B8CD42826071CC1008BAEB9 /* FeedItemAvatarView.swift in Sources */,
				7BA9BC1825FE917B006E1C4F /* TabBarController.swift in Sources */,
				7BA9BC0825FE818B006E1C4F /* ItunesRemote.swift in Sources */,
				7BA9BC4425FE94A4006E1C4F /* EmptyDetailViewController.swift in Sources */,
				7B1573142601BC8000FC138E /* DiscoverViewController.swift in Sources */,
				7B1573782605743D00FC138E /* Label.swift in Sources */,
				7B8CD42226071490008BAEB9 /* FeedItemCell.swift in Sources */,
				7BA9BBBA25FE760B006E1C4F /* ViewController.swift in Sources */,
				7B5B49412617B77B00F65A3D /* MarvelFeedViewController.swift in Sources */,
				7B1573702605738D00FC138E /* UIView+Extension.swift in Sources */,
				7B1573602605729400FC138E /* ProfileDataView.swift in Sources */,
				7B157320260541BF00FC138E /* MarvelRemote.swift in Sources */,
				7B1572F72600649000FC138E /* ImageViewLoader.swift in Sources */,
				7BA9BC1225FE81C0006E1C4F /* FeedItem.swift in Sources */,
				7B8CD4062606B132008BAEB9 /* HomeFeedSupplementaryView.swift in Sources */,
				7B8CD43826080D3A008BAEB9 /* CollectionReusableIdentifier.swift in Sources */,
				7B15734826054D2900FC138E /* Artwork.swift in Sources */,
				7B448774261ECAB7008D644F /* SearchViewController.swift in Sources */,
				7B292AA8260963270052BA22 /* RemoteObservableObject.swift in Sources */,
				7B44876C261EC722008D644F /* ItunesEntity.swift in Sources */,
				7BA9BBB625FE760B006E1C4F /* AppDelegate.swift in Sources */,
				7B448772261EC898008D644F /* Artist.swift in Sources */,
				7B292A9B2609517F0052BA22 /* NotificationItemCell.swift in Sources */,
				7B292AAA2609647E0052BA22 /* ThemeColors.swift in Sources */,
				7BA9BBF625FE8136006E1C4F /* CombineAPI.swift in Sources */,
				7BA9BC3025FE922C006E1C4F /* HomeViewController.swift in Sources */,
				7B1572EE2600642200FC138E /* ArtworkCell.swift in Sources */,
				7B8CD4002605C06E008BAEB9 /* UITraitCollection+Extension.swift in Sources */,
				7BA9BBB825FE760B006E1C4F /* SceneDelegate.swift in Sources */,
				7B292A9D260959C30052BA22 /* DiffableCollectionView.swift in Sources */,
				7B448768261EC6DC008D644F /* ItunesSearch.swift in Sources */,
			);
			runOnlyForDeploymentPostprocessing = 0;
		};
		7BA9BBC425FE760D006E1C4F /* Sources */ = {
			isa = PBXSourcesBuildPhase;
			buildActionMask = 2147483647;
			files = (
				7BA9BBCD25FE760D006E1C4F /* FeedAppTests.swift in Sources */,
			);
			runOnlyForDeploymentPostprocessing = 0;
		};
		7BA9BBCF25FE760D006E1C4F /* Sources */ = {
			isa = PBXSourcesBuildPhase;
			buildActionMask = 2147483647;
			files = (
				7BA9BBD825FE760D006E1C4F /* FeedAppUITests.swift in Sources */,
			);
			runOnlyForDeploymentPostprocessing = 0;
		};
/* End PBXSourcesBuildPhase section */

/* Begin PBXTargetDependency section */
		7BA9BBCA25FE760D006E1C4F /* PBXTargetDependency */ = {
			isa = PBXTargetDependency;
			target = 7BA9BBB125FE760A006E1C4F /* FeedApp */;
			targetProxy = 7BA9BBC925FE760D006E1C4F /* PBXContainerItemProxy */;
		};
		7BA9BBD525FE760D006E1C4F /* PBXTargetDependency */ = {
			isa = PBXTargetDependency;
			target = 7BA9BBB125FE760A006E1C4F /* FeedApp */;
			targetProxy = 7BA9BBD425FE760D006E1C4F /* PBXContainerItemProxy */;
		};
/* End PBXTargetDependency section */

/* Begin PBXVariantGroup section */
		7BA9BBBB25FE760B006E1C4F /* Main.storyboard */ = {
			isa = PBXVariantGroup;
			children = (
				7BA9BBBC25FE760B006E1C4F /* Base */,
			);
			name = Main.storyboard;
			sourceTree = "<group>";
		};
		7BA9BBC025FE760D006E1C4F /* LaunchScreen.storyboard */ = {
			isa = PBXVariantGroup;
			children = (
				7BA9BBC125FE760D006E1C4F /* Base */,
			);
			name = LaunchScreen.storyboard;
			sourceTree = "<group>";
		};
/* End PBXVariantGroup section */

/* Begin XCBuildConfiguration section */
		7BA9BBDA25FE760D006E1C4F /* Debug */ = {
			isa = XCBuildConfiguration;
			buildSettings = {
				ALWAYS_SEARCH_USER_PATHS = NO;
				CLANG_ANALYZER_NONNULL = YES;
				CLANG_ANALYZER_NUMBER_OBJECT_CONVERSION = YES_AGGRESSIVE;
				CLANG_CXX_LANGUAGE_STANDARD = "gnu++14";
				CLANG_CXX_LIBRARY = "libc++";
				CLANG_ENABLE_MODULES = YES;
				CLANG_ENABLE_OBJC_ARC = YES;
				CLANG_ENABLE_OBJC_WEAK = YES;
				CLANG_WARN_BLOCK_CAPTURE_AUTORELEASING = YES;
				CLANG_WARN_BOOL_CONVERSION = YES;
				CLANG_WARN_COMMA = YES;
				CLANG_WARN_CONSTANT_CONVERSION = YES;
				CLANG_WARN_DEPRECATED_OBJC_IMPLEMENTATIONS = YES;
				CLANG_WARN_DIRECT_OBJC_ISA_USAGE = YES_ERROR;
				CLANG_WARN_DOCUMENTATION_COMMENTS = YES;
				CLANG_WARN_EMPTY_BODY = YES;
				CLANG_WARN_ENUM_CONVERSION = YES;
				CLANG_WARN_INFINITE_RECURSION = YES;
				CLANG_WARN_INT_CONVERSION = YES;
				CLANG_WARN_NON_LITERAL_NULL_CONVERSION = YES;
				CLANG_WARN_OBJC_IMPLICIT_RETAIN_SELF = YES;
				CLANG_WARN_OBJC_LITERAL_CONVERSION = YES;
				CLANG_WARN_OBJC_ROOT_CLASS = YES_ERROR;
				CLANG_WARN_QUOTED_INCLUDE_IN_FRAMEWORK_HEADER = YES;
				CLANG_WARN_RANGE_LOOP_ANALYSIS = YES;
				CLANG_WARN_STRICT_PROTOTYPES = YES;
				CLANG_WARN_SUSPICIOUS_MOVE = YES;
				CLANG_WARN_UNGUARDED_AVAILABILITY = YES_AGGRESSIVE;
				CLANG_WARN_UNREACHABLE_CODE = YES;
				CLANG_WARN__DUPLICATE_METHOD_MATCH = YES;
				COPY_PHASE_STRIP = NO;
				DEBUG_INFORMATION_FORMAT = dwarf;
				ENABLE_STRICT_OBJC_MSGSEND = YES;
				ENABLE_TESTABILITY = YES;
				GCC_C_LANGUAGE_STANDARD = gnu11;
				GCC_DYNAMIC_NO_PIC = NO;
				GCC_NO_COMMON_BLOCKS = YES;
				GCC_OPTIMIZATION_LEVEL = 0;
				GCC_PREPROCESSOR_DEFINITIONS = (
					"DEBUG=1",
					"$(inherited)",
				);
				GCC_WARN_64_TO_32_BIT_CONVERSION = YES;
				GCC_WARN_ABOUT_RETURN_TYPE = YES_ERROR;
				GCC_WARN_UNDECLARED_SELECTOR = YES;
				GCC_WARN_UNINITIALIZED_AUTOS = YES_AGGRESSIVE;
				GCC_WARN_UNUSED_FUNCTION = YES;
				GCC_WARN_UNUSED_VARIABLE = YES;
				IPHONEOS_DEPLOYMENT_TARGET = 14.2;
				MTL_ENABLE_DEBUG_INFO = INCLUDE_SOURCE;
				MTL_FAST_MATH = YES;
				ONLY_ACTIVE_ARCH = YES;
				SDKROOT = iphoneos;
				SWIFT_ACTIVE_COMPILATION_CONDITIONS = DEBUG;
				SWIFT_OPTIMIZATION_LEVEL = "-Onone";
			};
			name = Debug;
		};
		7BA9BBDB25FE760D006E1C4F /* Release */ = {
			isa = XCBuildConfiguration;
			buildSettings = {
				ALWAYS_SEARCH_USER_PATHS = NO;
				CLANG_ANALYZER_NONNULL = YES;
				CLANG_ANALYZER_NUMBER_OBJECT_CONVERSION = YES_AGGRESSIVE;
				CLANG_CXX_LANGUAGE_STANDARD = "gnu++14";
				CLANG_CXX_LIBRARY = "libc++";
				CLANG_ENABLE_MODULES = YES;
				CLANG_ENABLE_OBJC_ARC = YES;
				CLANG_ENABLE_OBJC_WEAK = YES;
				CLANG_WARN_BLOCK_CAPTURE_AUTORELEASING = YES;
				CLANG_WARN_BOOL_CONVERSION = YES;
				CLANG_WARN_COMMA = YES;
				CLANG_WARN_CONSTANT_CONVERSION = YES;
				CLANG_WARN_DEPRECATED_OBJC_IMPLEMENTATIONS = YES;
				CLANG_WARN_DIRECT_OBJC_ISA_USAGE = YES_ERROR;
				CLANG_WARN_DOCUMENTATION_COMMENTS = YES;
				CLANG_WARN_EMPTY_BODY = YES;
				CLANG_WARN_ENUM_CONVERSION = YES;
				CLANG_WARN_INFINITE_RECURSION = YES;
				CLANG_WARN_INT_CONVERSION = YES;
				CLANG_WARN_NON_LITERAL_NULL_CONVERSION = YES;
				CLANG_WARN_OBJC_IMPLICIT_RETAIN_SELF = YES;
				CLANG_WARN_OBJC_LITERAL_CONVERSION = YES;
				CLANG_WARN_OBJC_ROOT_CLASS = YES_ERROR;
				CLANG_WARN_QUOTED_INCLUDE_IN_FRAMEWORK_HEADER = YES;
				CLANG_WARN_RANGE_LOOP_ANALYSIS = YES;
				CLANG_WARN_STRICT_PROTOTYPES = YES;
				CLANG_WARN_SUSPICIOUS_MOVE = YES;
				CLANG_WARN_UNGUARDED_AVAILABILITY = YES_AGGRESSIVE;
				CLANG_WARN_UNREACHABLE_CODE = YES;
				CLANG_WARN__DUPLICATE_METHOD_MATCH = YES;
				COPY_PHASE_STRIP = NO;
				DEBUG_INFORMATION_FORMAT = "dwarf-with-dsym";
				ENABLE_NS_ASSERTIONS = NO;
				ENABLE_STRICT_OBJC_MSGSEND = YES;
				GCC_C_LANGUAGE_STANDARD = gnu11;
				GCC_NO_COMMON_BLOCKS = YES;
				GCC_WARN_64_TO_32_BIT_CONVERSION = YES;
				GCC_WARN_ABOUT_RETURN_TYPE = YES_ERROR;
				GCC_WARN_UNDECLARED_SELECTOR = YES;
				GCC_WARN_UNINITIALIZED_AUTOS = YES_AGGRESSIVE;
				GCC_WARN_UNUSED_FUNCTION = YES;
				GCC_WARN_UNUSED_VARIABLE = YES;
				IPHONEOS_DEPLOYMENT_TARGET = 14.2;
				MTL_ENABLE_DEBUG_INFO = NO;
				MTL_FAST_MATH = YES;
				SDKROOT = iphoneos;
				SWIFT_COMPILATION_MODE = wholemodule;
				SWIFT_OPTIMIZATION_LEVEL = "-O";
				VALIDATE_PRODUCT = YES;
			};
			name = Release;
		};
		7BA9BBDD25FE760D006E1C4F /* Debug */ = {
			isa = XCBuildConfiguration;
			buildSettings = {
				ASSETCATALOG_COMPILER_APPICON_NAME = AppIcon;
				ASSETCATALOG_COMPILER_GLOBAL_ACCENT_COLOR_NAME = AccentColor;
				CODE_SIGN_STYLE = Automatic;
				DEVELOPMENT_TEAM = CQ45U4X9K3;
				INFOPLIST_FILE = FeedApp/Info.plist;
				IPHONEOS_DEPLOYMENT_TARGET = 13.0;
				LD_RUNPATH_SEARCH_PATHS = (
					"$(inherited)",
					"@executable_path/Frameworks",
				);
				PRODUCT_BUNDLE_IDENTIFIER = jamesrochabrun.FeedApp;
				PRODUCT_NAME = "$(TARGET_NAME)";
				SWIFT_VERSION = 5.0;
				TARGETED_DEVICE_FAMILY = "1,2";
			};
			name = Debug;
		};
		7BA9BBDE25FE760D006E1C4F /* Release */ = {
			isa = XCBuildConfiguration;
			buildSettings = {
				ASSETCATALOG_COMPILER_APPICON_NAME = AppIcon;
				ASSETCATALOG_COMPILER_GLOBAL_ACCENT_COLOR_NAME = AccentColor;
				CODE_SIGN_STYLE = Automatic;
				DEVELOPMENT_TEAM = CQ45U4X9K3;
				INFOPLIST_FILE = FeedApp/Info.plist;
				IPHONEOS_DEPLOYMENT_TARGET = 13.0;
				LD_RUNPATH_SEARCH_PATHS = (
					"$(inherited)",
					"@executable_path/Frameworks",
				);
				PRODUCT_BUNDLE_IDENTIFIER = jamesrochabrun.FeedApp;
				PRODUCT_NAME = "$(TARGET_NAME)";
				SWIFT_VERSION = 5.0;
				TARGETED_DEVICE_FAMILY = "1,2";
			};
			name = Release;
		};
		7BA9BBE025FE760D006E1C4F /* Debug */ = {
			isa = XCBuildConfiguration;
			buildSettings = {
				ALWAYS_EMBED_SWIFT_STANDARD_LIBRARIES = YES;
				BUNDLE_LOADER = "$(TEST_HOST)";
				CODE_SIGN_STYLE = Automatic;
				DEVELOPMENT_TEAM = CQ45U4X9K3;
				INFOPLIST_FILE = FeedAppTests/Info.plist;
				IPHONEOS_DEPLOYMENT_TARGET = 14.2;
				LD_RUNPATH_SEARCH_PATHS = (
					"$(inherited)",
					"@executable_path/Frameworks",
					"@loader_path/Frameworks",
				);
				PRODUCT_BUNDLE_IDENTIFIER = jamesrochabrun.FeedAppTests;
				PRODUCT_NAME = "$(TARGET_NAME)";
				SWIFT_VERSION = 5.0;
				TARGETED_DEVICE_FAMILY = "1,2";
				TEST_HOST = "$(BUILT_PRODUCTS_DIR)/FeedApp.app/FeedApp";
			};
			name = Debug;
		};
		7BA9BBE125FE760D006E1C4F /* Release */ = {
			isa = XCBuildConfiguration;
			buildSettings = {
				ALWAYS_EMBED_SWIFT_STANDARD_LIBRARIES = YES;
				BUNDLE_LOADER = "$(TEST_HOST)";
				CODE_SIGN_STYLE = Automatic;
				DEVELOPMENT_TEAM = CQ45U4X9K3;
				INFOPLIST_FILE = FeedAppTests/Info.plist;
				IPHONEOS_DEPLOYMENT_TARGET = 14.2;
				LD_RUNPATH_SEARCH_PATHS = (
					"$(inherited)",
					"@executable_path/Frameworks",
					"@loader_path/Frameworks",
				);
				PRODUCT_BUNDLE_IDENTIFIER = jamesrochabrun.FeedAppTests;
				PRODUCT_NAME = "$(TARGET_NAME)";
				SWIFT_VERSION = 5.0;
				TARGETED_DEVICE_FAMILY = "1,2";
				TEST_HOST = "$(BUILT_PRODUCTS_DIR)/FeedApp.app/FeedApp";
			};
			name = Release;
		};
		7BA9BBE325FE760D006E1C4F /* Debug */ = {
			isa = XCBuildConfiguration;
			buildSettings = {
				ALWAYS_EMBED_SWIFT_STANDARD_LIBRARIES = YES;
				CODE_SIGN_STYLE = Automatic;
				DEVELOPMENT_TEAM = CQ45U4X9K3;
				INFOPLIST_FILE = FeedAppUITests/Info.plist;
				LD_RUNPATH_SEARCH_PATHS = (
					"$(inherited)",
					"@executable_path/Frameworks",
					"@loader_path/Frameworks",
				);
				PRODUCT_BUNDLE_IDENTIFIER = jamesrochabrun.FeedAppUITests;
				PRODUCT_NAME = "$(TARGET_NAME)";
				SWIFT_VERSION = 5.0;
				TARGETED_DEVICE_FAMILY = "1,2";
				TEST_TARGET_NAME = FeedApp;
			};
			name = Debug;
		};
		7BA9BBE425FE760D006E1C4F /* Release */ = {
			isa = XCBuildConfiguration;
			buildSettings = {
				ALWAYS_EMBED_SWIFT_STANDARD_LIBRARIES = YES;
				CODE_SIGN_STYLE = Automatic;
				DEVELOPMENT_TEAM = CQ45U4X9K3;
				INFOPLIST_FILE = FeedAppUITests/Info.plist;
				LD_RUNPATH_SEARCH_PATHS = (
					"$(inherited)",
					"@executable_path/Frameworks",
					"@loader_path/Frameworks",
				);
				PRODUCT_BUNDLE_IDENTIFIER = jamesrochabrun.FeedAppUITests;
				PRODUCT_NAME = "$(TARGET_NAME)";
				SWIFT_VERSION = 5.0;
				TARGETED_DEVICE_FAMILY = "1,2";
				TEST_TARGET_NAME = FeedApp;
			};
			name = Release;
		};
/* End XCBuildConfiguration section */

/* Begin XCConfigurationList section */
		7BA9BBAD25FE760A006E1C4F /* Build configuration list for PBXProject "FeedApp" */ = {
			isa = XCConfigurationList;
			buildConfigurations = (
				7BA9BBDA25FE760D006E1C4F /* Debug */,
				7BA9BBDB25FE760D006E1C4F /* Release */,
			);
			defaultConfigurationIsVisible = 0;
			defaultConfigurationName = Release;
		};
		7BA9BBDC25FE760D006E1C4F /* Build configuration list for PBXNativeTarget "FeedApp" */ = {
			isa = XCConfigurationList;
			buildConfigurations = (
				7BA9BBDD25FE760D006E1C4F /* Debug */,
				7BA9BBDE25FE760D006E1C4F /* Release */,
			);
			defaultConfigurationIsVisible = 0;
			defaultConfigurationName = Release;
		};
		7BA9BBDF25FE760D006E1C4F /* Build configuration list for PBXNativeTarget "FeedAppTests" */ = {
			isa = XCConfigurationList;
			buildConfigurations = (
				7BA9BBE025FE760D006E1C4F /* Debug */,
				7BA9BBE125FE760D006E1C4F /* Release */,
			);
			defaultConfigurationIsVisible = 0;
			defaultConfigurationName = Release;
		};
		7BA9BBE225FE760D006E1C4F /* Build configuration list for PBXNativeTarget "FeedAppUITests" */ = {
			isa = XCConfigurationList;
			buildConfigurations = (
				7BA9BBE325FE760D006E1C4F /* Debug */,
				7BA9BBE425FE760D006E1C4F /* Release */,
			);
			defaultConfigurationIsVisible = 0;
			defaultConfigurationName = Release;
		};
/* End XCConfigurationList section */

/* Begin XCRemoteSwiftPackageReference section */
		7B5066802623F72B00BD7502 /* XCRemoteSwiftPackageReference "MarvelClient" */ = {
			isa = XCRemoteSwiftPackageReference;
			repositoryURL = "https://github.com/jamesrochabrun/MarvelClient";
			requirement = {
				kind = upToNextMajorVersion;
				minimumVersion = 1.0.5;
			};
		};
		7B5E6C6526092EBD00C62974 /* XCRemoteSwiftPackageReference "SDWebImage" */ = {
			isa = XCRemoteSwiftPackageReference;
			repositoryURL = "https://github.com/SDWebImage/SDWebImage";
			requirement = {
				kind = upToNextMajorVersion;
				minimumVersion = 5.10.4;
			};
		};
/* End XCRemoteSwiftPackageReference section */

/* Begin XCSwiftPackageProductDependency section */
		7B5066812623F72B00BD7502 /* MarvelClient */ = {
			isa = XCSwiftPackageProductDependency;
			package = 7B5066802623F72B00BD7502 /* XCRemoteSwiftPackageReference "MarvelClient" */;
			productName = MarvelClient;
		};
		7B5E6C6626092EBD00C62974 /* SDWebImage */ = {
			isa = XCSwiftPackageProductDependency;
			package = 7B5E6C6526092EBD00C62974 /* XCRemoteSwiftPackageReference "SDWebImage" */;
			productName = SDWebImage;
		};
		7B5E6C6826092EBD00C62974 /* SDWebImageMapKit */ = {
			isa = XCSwiftPackageProductDependency;
			package = 7B5E6C6526092EBD00C62974 /* XCRemoteSwiftPackageReference "SDWebImage" */;
			productName = SDWebImageMapKit;
		};
/* End XCSwiftPackageProductDependency section */
	};
	rootObject = 7BA9BBAA25FE760A006E1C4F /* Project object */;
}
